// !$*UTF8*$!
{
	archiveVersion = 1;
	classes = {
	};
	objectVersion = 50;
	objects = {

/* Begin PBXBuildFile section */
		97FE16DF221D41CA0018C3AF /* AppDelegate.swift in Sources */ = {isa = PBXBuildFile; fileRef = 97FE16DE221D41CA0018C3AF /* AppDelegate.swift */; };
		97FE16E1221D41CA0018C3AF /* ViewController.swift in Sources */ = {isa = PBXBuildFile; fileRef = 97FE16E0221D41CA0018C3AF /* ViewController.swift */; };
		97FE16E4221D41CA0018C3AF /* Main.storyboard in Resources */ = {isa = PBXBuildFile; fileRef = 97FE16E2221D41CA0018C3AF /* Main.storyboard */; };
		97FE16E6221D41CB0018C3AF /* Assets.xcassets in Resources */ = {isa = PBXBuildFile; fileRef = 97FE16E5221D41CB0018C3AF /* Assets.xcassets */; };
		97FE16E9221D41CB0018C3AF /* LaunchScreen.storyboard in Resources */ = {isa = PBXBuildFile; fileRef = 97FE16E7221D41CB0018C3AF /* LaunchScreen.storyboard */; };
		97FE16F1221D42030018C3AF /* Candy.swift in Sources */ = {isa = PBXBuildFile; fileRef = 97FE16F0221D42030018C3AF /* Candy.swift */; };
		97FE16F3221D420C0018C3AF /* TableViewController.swift in Sources */ = {isa = PBXBuildFile; fileRef = 97FE16F2221D420C0018C3AF /* TableViewController.swift */; };
		97FE16F5221D51340018C3AF /* MainTableView.swift in Sources */ = {isa = PBXBuildFile; fileRef = 97FE16F4221D51340018C3AF /* MainTableView.swift */; };
/* End PBXBuildFile section */

/* Begin PBXFileReference section */
		97FE16DB221D41CA0018C3AF /* SearchScope.app */ = {isa = PBXFileReference; explicitFileType = wrapper.application; includeInIndex = 0; path = SearchScope.app; sourceTree = BUILT_PRODUCTS_DIR; };
		97FE16DE221D41CA0018C3AF /* AppDelegate.swift */ = {isa = PBXFileReference; lastKnownFileType = sourcecode.swift; path = AppDelegate.swift; sourceTree = "<group>"; };
		97FE16E0221D41CA0018C3AF /* ViewController.swift */ = {isa = PBXFileReference; lastKnownFileType = sourcecode.swift; path = ViewController.swift; sourceTree = "<group>"; };
		97FE16E3221D41CA0018C3AF /* Base */ = {isa = PBXFileReference; lastKnownFileType = file.storyboard; name = Base; path = Base.lproj/Main.storyboard; sourceTree = "<group>"; };
		97FE16E5221D41CB0018C3AF /* Assets.xcassets */ = {isa = PBXFileReference; lastKnownFileType = folder.assetcatalog; path = Assets.xcassets; sourceTree = "<group>"; };
		97FE16E8221D41CB0018C3AF /* Base */ = {isa = PBXFileReference; lastKnownFileType = file.storyboard; name = Base; path = Base.lproj/LaunchScreen.storyboard; sourceTree = "<group>"; };
		97FE16EA221D41CB0018C3AF /* Info.plist */ = {isa = PBXFileReference; lastKnownFileType = text.plist.xml; path = Info.plist; sourceTree = "<group>"; };
		97FE16F0221D42030018C3AF /* Candy.swift */ = {isa = PBXFileReference; lastKnownFileType = sourcecode.swift; path = Candy.swift; sourceTree = "<group>"; };
		97FE16F2221D420C0018C3AF /* TableViewController.swift */ = {isa = PBXFileReference; lastKnownFileType = sourcecode.swift; path = TableViewController.swift; sourceTree = "<group>"; };
		97FE16F4221D51340018C3AF /* MainTableView.swift */ = {isa = PBXFileReference; lastKnownFileType = sourcecode.swift; path = MainTableView.swift; sourceTree = "<group>"; };
/* End PBXFileReference section */

/* Begin PBXFrameworksBuildPhase section */
		97FE16D8221D41CA0018C3AF /* Frameworks */ = {
			isa = PBXFrameworksBuildPhase;
			buildActionMask = 2147483647;
			files = (
			);
			runOnlyForDeploymentPostprocessing = 0;
		};
/* End PBXFrameworksBuildPhase section */

/* Begin PBXGroup section */
		97FE16D2221D41CA0018C3AF = {
			isa = PBXGroup;
			children = (
				97FE16DD221D41CA0018C3AF /* SearchScope */,
				97FE16DC221D41CA0018C3AF /* Products */,
			);
			sourceTree = "<group>";
		};
		97FE16DC221D41CA0018C3AF /* Products */ = {
			isa = PBXGroup;
			children = (
				97FE16DB221D41CA0018C3AF /* SearchScope.app */,
			);
			name = Products;
			sourceTree = "<group>";
		};
		97FE16DD221D41CA0018C3AF /* SearchScope */ = {
			isa = PBXGroup;
			children = (
				97FE16DE221D41CA0018C3AF /* AppDelegate.swift */,
				97FE16E0221D41CA0018C3AF /* ViewController.swift */,
				97FE16E2221D41CA0018C3AF /* Main.storyboard */,
				97FE16F2221D420C0018C3AF /* TableViewController.swift */,
				97FE16F4221D51340018C3AF /* MainTableView.swift */,
				97FE16F0221D42030018C3AF /* Candy.swift */,
				97FE16E5221D41CB0018C3AF /* Assets.xcassets */,
				97FE16E7221D41CB0018C3AF /* LaunchScreen.storyboard */,
				97FE16EA221D41CB0018C3AF /* Info.plist */,
			);
			path = SearchScope;
			sourceTree = "<group>";
		};
/* End PBXGroup section */

/* Begin PBXNativeTarget section */
		97FE16DA221D41CA0018C3AF /* SearchScope */ = {
			isa = PBXNativeTarget;
			buildConfigurationList = 97FE16ED221D41CB0018C3AF /* Build configuration list for PBXNativeTarget "SearchScope" */;
			buildPhases = (
				97FE16D7221D41CA0018C3AF /* Sources */,
				97FE16D8221D41CA0018C3AF /* Frameworks */,
				97FE16D9221D41CA0018C3AF /* Resources */,
			);
			buildRules = (
			);
			dependencies = (
			);
			name = SearchScope;
			productName = SearchScope;
			productReference = 97FE16DB221D41CA0018C3AF /* SearchScope.app */;
			productType = "com.apple.product-type.application";
		};
/* End PBXNativeTarget section */

/* Begin PBXProject section */
		97FE16D3221D41CA0018C3AF /* Project object */ = {
			isa = PBXProject;
			attributes = {
				LastSwiftUpdateCheck = 0940;
				LastUpgradeCheck = 0940;
				ORGANIZATIONNAME = "Vũ";
				TargetAttributes = {
					97FE16DA221D41CA0018C3AF = {
						CreatedOnToolsVersion = 9.4.1;
					};
				};
			};
			buildConfigurationList = 97FE16D6221D41CA0018C3AF /* Build configuration list for PBXProject "SearchScope" */;
			compatibilityVersion = "Xcode 9.3";
			developmentRegion = en;
			hasScannedForEncodings = 0;
			knownRegions = (
				en,
				Base,
			);
			mainGroup = 97FE16D2221D41CA0018C3AF;
			productRefGroup = 97FE16DC221D41CA0018C3AF /* Products */;
			projectDirPath = "";
			projectRoot = "";
			targets = (
				97FE16DA221D41CA0018C3AF /* SearchScope */,
			);
		};
/* End PBXProject section */

/* Begin PBXResourcesBuildPhase section */
		97FE16D9221D41CA0018C3AF /* Resources */ = {
			isa = PBXResourcesBuildPhase;
			buildActionMask = 2147483647;
			files = (
				97FE16E9221D41CB0018C3AF /* LaunchScreen.storyboard in Resources */,
				97FE16E6221D41CB0018C3AF /* Assets.xcassets in Resources */,
				97FE16E4221D41CA0018C3AF /* Main.storyboard in Resources */,
			);
			runOnlyForDeploymentPostprocessing = 0;
		};
/* End PBXResourcesBuildPhase section */

/* Begin PBXSourcesBuildPhase section */
		97FE16D7221D41CA0018C3AF /* Sources */ = {
			isa = PBXSourcesBuildPhase;
			buildActionMask = 2147483647;
			files = (
				97FE16E1221D41CA0018C3AF /* ViewController.swift in Sources */,
				97FE16F1221D42030018C3AF /* Candy.swift in Sources */,
				97FE16F5221D51340018C3AF /* MainTableView.swift in Sources */,
				97FE16DF221D41CA0018C3AF /* AppDelegate.swift in Sources */,
				97FE16F3221D420C0018C3AF /* TableViewController.swift in Sources */,
			);
			runOnlyForDeploymentPostprocessing = 0;
		};
/* End PBXSourcesBuildPhase section */

/* Begin PBXVariantGroup section */
		97FE16E2221D41CA0018C3AF /* Main.storyboard */ = {
			isa = PBXVariantGroup;
			children = (
				97FE16E3221D41CA0018C3AF /* Base */,
			);
			name = Main.storyboard;
			sourceTree = "<group>";
		};
		97FE16E7221D41CB0018C3AF /* LaunchScreen.storyboard */ = {
			isa = PBXVariantGroup;
			children = (
				97FE16E8221D41CB0018C3AF /* Base */,
			);
			name = LaunchScreen.storyboard;
			sourceTree = "<group>";
		};
/* End PBXVariantGroup section */

/* Begin XCBuildConfiguration section */
		97FE16EB221D41CB0018C3AF /* Debug */ = {
			isa = XCBuildConfiguration;
			buildSettings = {
				ALWAYS_SEARCH_USER_PATHS = NO;
				CLANG_ANALYZER_NONNULL = YES;
				CLANG_ANALYZER_NUMBER_OBJECT_CONVERSION = YES_AGGRESSIVE;
				CLANG_CXX_LANGUAGE_STANDARD = "gnu++14";
				CLANG_CXX_LIBRARY = "libc++";
				CLANG_ENABLE_MODULES = YES;
				CLANG_ENABLE_OBJC_ARC = YES;
				CLANG_ENABLE_OBJC_WEAK = YES;
				CLANG_WARN_BLOCK_CAPTURE_AUTORELEASING = YES;
				CLANG_WARN_BOOL_CONVERSION = YES;
				CLANG_WARN_COMMA = YES;
				CLANG_WARN_CONSTANT_CONVERSION = YES;
				CLANG_WARN_DEPRECATED_OBJC_IMPLEMENTATIONS = YES;
				CLANG_WARN_DIRECT_OBJC_ISA_USAGE = YES_ERROR;
				CLANG_WARN_DOCUMENTATION_COMMENTS = YES;
				CLANG_WARN_EMPTY_BODY = YES;
				CLANG_WARN_ENUM_CONVERSION = YES;
				CLANG_WARN_INFINITE_RECURSION = YES;
				CLANG_WARN_INT_CONVERSION = YES;
				CLANG_WARN_NON_LITERAL_NULL_CONVERSION = YES;
				CLANG_WARN_OBJC_IMPLICIT_RETAIN_SELF = YES;
				CLANG_WARN_OBJC_LITERAL_CONVERSION = YES;
				CLANG_WARN_OBJC_ROOT_CLASS = YES_ERROR;
				CLANG_WARN_RANGE_LOOP_ANALYSIS = YES;
				CLANG_WARN_STRICT_PROTOTYPES = YES;
				CLANG_WARN_SUSPICIOUS_MOVE = YES;
				CLANG_WARN_UNGUARDED_AVAILABILITY = YES_AGGRESSIVE;
				CLANG_WARN_UNREACHABLE_CODE = YES;
				CLANG_WARN__DUPLICATE_METHOD_MATCH = YES;
				CODE_SIGN_IDENTITY = "iPhone Developer";
				COPY_PHASE_STRIP = NO;
				DEBUG_INFORMATION_FORMAT = dwarf;
				ENABLE_STRICT_OBJC_MSGSEND = YES;
				ENABLE_TESTABILITY = YES;
				GCC_C_LANGUAGE_STANDARD = gnu11;
				GCC_DYNAMIC_NO_PIC = NO;
				GCC_NO_COMMON_BLOCKS = YES;
				GCC_OPTIMIZATION_LEVEL = 0;
				GCC_PREPROCESSOR_DEFINITIONS = (
					"DEBUG=1",
					"$(inherited)",
				);
				GCC_WARN_64_TO_32_BIT_CONVERSION = YES;
				GCC_WARN_ABOUT_RETURN_TYPE = YES_ERROR;
				GCC_WARN_UNDECLARED_SELECTOR = YES;
				GCC_WARN_UNINITIALIZED_AUTOS = YES_AGGRESSIVE;
				GCC_WARN_UNUSED_FUNCTION = YES;
				GCC_WARN_UNUSED_VARIABLE = YES;
				IPHONEOS_DEPLOYMENT_TARGET = 11.4;
				MTL_ENABLE_DEBUG_INFO = YES;
				ONLY_ACTIVE_ARCH = YES;
				SDKROOT = iphoneos;
				SWIFT_ACTIVE_COMPILATION_CONDITIONS = DEBUG;
				SWIFT_OPTIMIZATION_LEVEL = "-Onone";
			};
			name = Debug;
		};
		97FE16EC221D41CB0018C3AF /* Release */ = {
			isa = XCBuildConfiguration;
			buildSettings = {
				ALWAYS_SEARCH_USER_PATHS = NO;
				CLANG_ANALYZER_NONNULL = YES;
				CLANG_ANALYZER_NUMBER_OBJECT_CONVERSION = YES_AGGRESSIVE;
				CLANG_CXX_LANGUAGE_STANDARD = "gnu++14";
				CLANG_CXX_LIBRARY = "libc++";
				CLANG_ENABLE_MODULES = YES;
				CLANG_ENABLE_OBJC_ARC = YES;
				CLANG_ENABLE_OBJC_WEAK = YES;
				CLANG_WARN_BLOCK_CAPTURE_AUTORELEASING = YES;
				CLANG_WARN_BOOL_CONVERSION = YES;
				CLANG_WARN_COMMA = YES;
				CLANG_WARN_CONSTANT_CONVERSION = YES;
				CLANG_WARN_DEPRECATED_OBJC_IMPLEMENTATIONS = YES;
				CLANG_WARN_DIRECT_OBJC_ISA_USAGE = YES_ERROR;
				CLANG_WARN_DOCUMENTATION_COMMENTS = YES;
				CLANG_WARN_EMPTY_BODY = YES;
				CLANG_WARN_ENUM_CONVERSION = YES;
				CLANG_WARN_INFINITE_RECURSION = YES;
				CLANG_WARN_INT_CONVERSION = YES;
				CLANG_WARN_NON_LITERAL_NULL_CONVERSION = YES;
				CLANG_WARN_OBJC_IMPLICIT_RETAIN_SELF = YES;
				CLANG_WARN_OBJC_LITERAL_CONVERSION = YES;
				CLANG_WARN_OBJC_ROOT_CLASS = YES_ERROR;
				CLANG_WARN_RANGE_LOOP_ANALYSIS = YES;
				CLANG_WARN_STRICT_PROTOTYPES = YES;
				CLANG_WARN_SUSPICIOUS_MOVE = YES;
				CLANG_WARN_UNGUARDED_AVAILABILITY = YES_AGGRESSIVE;
				CLANG_WARN_UNREACHABLE_CODE = YES;
				CLANG_WARN__DUPLICATE_METHOD_MATCH = YES;
				CODE_SIGN_IDENTITY = "iPhone Developer";
				COPY_PHASE_STRIP = NO;
				DEBUG_INFORMATION_FORMAT = "dwarf-with-dsym";
				ENABLE_NS_ASSERTIONS = NO;
				ENABLE_STRICT_OBJC_MSGSEND = YES;
				GCC_C_LANGUAGE_STANDARD = gnu11;
				GCC_NO_COMMON_BLOCKS = YES;
				GCC_WARN_64_TO_32_BIT_CONVERSION = YES;
				GCC_WARN_ABOUT_RETURN_TYPE = YES_ERROR;
				GCC_WARN_UNDECLARED_SELECTOR = YES;
				GCC_WARN_UNINITIALIZED_AUTOS = YES_AGGRESSIVE;
				GCC_WARN_UNUSED_FUNCTION = YES;
				GCC_WARN_UNUSED_VARIABLE = YES;
				IPHONEOS_DEPLOYMENT_TARGET = 11.4;
				MTL_ENABLE_DEBUG_INFO = NO;
				SDKROOT = iphoneos;
				SWIFT_COMPILATION_MODE = wholemodule;
				SWIFT_OPTIMIZATION_LEVEL = "-O";
				VALIDATE_PRODUCT = YES;
			};
			name = Release;
		};
		97FE16EE221D41CB0018C3AF /* Debug */ = {
			isa = XCBuildConfiguration;
			buildSettings = {
				ASSETCATALOG_COMPILER_APPICON_NAME = AppIcon;
				CODE_SIGN_STYLE = Automatic;
				INFOPLIST_FILE = SearchScope/Info.plist;
				LD_RUNPATH_SEARCH_PATHS = (
					"$(inherited)",
					"@executable_path/Frameworks",
				);
				PRODUCT_BUNDLE_IDENTIFIER = "-.SearchScope";
				PRODUCT_NAME = "$(TARGET_NAME)";
				SWIFT_VERSION = 4.0;
				TARGETED_DEVICE_FAMILY = "1,2";
			};
			name = Debug;
		};
		97FE16EF221D41CB0018C3AF /* Release */ = {
			isa = XCBuildConfiguration;
			buildSettings = {
				ASSETCATALOG_COMPILER_APPICON_NAME = AppIcon;
				CODE_SIGN_STYLE = Automatic;
				INFOPLIST_FILE = SearchScope/Info.plist;
				LD_RUNPATH_SEARCH_PATHS = (
					"$(inherited)",
					"@executable_path/Frameworks",
				);
				PRODUCT_BUNDLE_IDENTIFIER = "-.SearchScope";
				PRODUCT_NAME = "$(TARGET_NAME)";
				SWIFT_VERSION = 4.0;
				TARGETED_DEVICE_FAMILY = "1,2";
			};
			name = Release;
		};
/* End XCBuildConfiguration section */

/* Begin XCConfigurationList section */
		97FE16D6221D41CA0018C3AF /* Build configuration list for PBXProject "SearchScope" */ = {
			isa = XCConfigurationList;
			buildConfigurations = (
				97FE16EB221D41CB0018C3AF /* Debug */,
				97FE16EC221D41CB0018C3AF /* Release */,
			);
			defaultConfigurationIsVisible = 0;
			defaultConfigurationName = Release;
		};
		97FE16ED221D41CB0018C3AF /* Build configuration list for PBXNativeTarget "SearchScope" */ = {
			isa = XCConfigurationList;
			buildConfigurations = (
				97FE16EE221D41CB0018C3AF /* Debug */,
				97FE16EF221D41CB0018C3AF /* Release */,
			);
			defaultConfigurationIsVisible = 0;
			defaultConfigurationName = Release;
		};
/* End XCConfigurationList section */
	};
	rootObject = 97FE16D3221D41CA0018C3AF /* Project object */;
}
